
Microsoft Visual Studio Solution File, Format Version 12.00
# Visual Studio Version 17
VisualStudioVersion = 17.13.36105.23 d17.13
MinimumVisualStudioVersion = 10.0.40219.1
Project("{FAE04EC0-301F-11D3-BF4B-00C04F79EFBC}") = "Application", "Application\Application.csproj", "{0FF40A7E-940F-4E43-BE7C-756081F50B0D}"
EndProject
Project("{FAE04EC0-301F-11D3-BF4B-00C04F79EFBC}") = "Api", "Api\Api.csproj", "{24C95F19-D5FC-4BE7-B107-1BEDFD7A123C}"
EndProject
Project("{FAE04EC0-301F-11D3-BF4B-00C04F79EFBC}") = "Domain", "Domain\Domain.csproj", "{995C240D-AD6A-4A1B-8CFD-A7E91931649A}"
EndProject
Project("{FAE04EC0-301F-11D3-BF4B-00C04F79EFBC}") = "Infrastructure", "Infrastructure\Infrastructure.csproj", "{BD88DED4-EEBE-4FB8-BD7D-C0BBE39AF2B2}"
EndProject
Global
	GlobalSection(SolutionConfigurationPlatforms) = preSolution
		Debug|Any CPU = Debug|Any CPU
		Release|Any CPU = Release|Any CPU
	EndGlobalSection
	GlobalSection(ProjectConfigurationPlatforms) = postSolution
		{0FF40A7E-940F-4E43-BE7C-756081F50B0D}.Debug|Any CPU.ActiveCfg = Debug|Any CPU
		{0FF40A7E-940F-4E43-BE7C-756081F50B0D}.Debug|Any CPU.Build.0 = Debug|Any CPU
		{0FF40A7E-940F-4E43-BE7C-756081F50B0D}.Release|Any CPU.ActiveCfg = Release|Any CPU
		{0FF40A7E-940F-4E43-BE7C-756081F50B0D}.Release|Any CPU.Build.0 = Release|Any CPU
		{24C95F19-D5FC-4BE7-B107-1BEDFD7A123C}.Debug|Any CPU.ActiveCfg = Debug|Any CPU
		{24C95F19-D5FC-4BE7-B107-1BEDFD7A123C}.Debug|Any CPU.Build.0 = Debug|Any CPU
		{24C95F19-D5FC-4BE7-B107-1BEDFD7A123C}.Release|Any CPU.ActiveCfg = Release|Any CPU
		{24C95F19-D5FC-4BE7-B107-1BEDFD7A123C}.Release|Any CPU.Build.0 = Release|Any CPU
		{995C240D-AD6A-4A1B-8CFD-A7E91931649A}.Debug|Any CPU.ActiveCfg = Debug|Any CPU
		{995C240D-AD6A-4A1B-8CFD-A7E91931649A}.Debug|Any CPU.Build.0 = Debug|Any CPU
		{995C240D-AD6A-4A1B-8CFD-A7E91931649A}.Release|Any CPU.ActiveCfg = Release|Any CPU
		{995C240D-AD6A-4A1B-8CFD-A7E91931649A}.Release|Any CPU.Build.0 = Release|Any CPU
		{BD88DED4-EEBE-4FB8-BD7D-C0BBE39AF2B2}.Debug|Any CPU.ActiveCfg = Debug|Any CPU
		{BD88DED4-EEBE-4FB8-BD7D-C0BBE39AF2B2}.Debug|Any CPU.Build.0 = Debug|Any CPU
		{BD88DED4-EEBE-4FB8-BD7D-C0BBE39AF2B2}.Release|Any CPU.ActiveCfg = Release|Any CPU
		{BD88DED4-EEBE-4FB8-BD7D-C0BBE39AF2B2}.Release|Any CPU.Build.0 = Release|Any CPU
	EndGlobalSection
	GlobalSection(SolutionProperties) = preSolution
		HideSolutionNode = FALSE
	EndGlobalSection
	GlobalSection(ExtensibilityGlobals) = postSolution
		SolutionGuid = {A1591164-495A-43C9-A664-E5523392322F}
	EndGlobalSection
EndGlobal
